// !$*UTF8*$!
{
	archiveVersion = 1;
	classes = {
	};
	objectVersion = 48;
	objects = {

/* Begin PBXBuildFile section */
		11D7DB2118808551BA3D1E47 /* Pods_Loan.framework in Frameworks */ = {isa = PBXBuildFile; fileRef = A8D11A620B36C51111EE4DF1 /* Pods_Loan.framework */; };
		8203C7271F99D231004BCAF4 /* IMPRegisterView.m in Sources */ = {isa = PBXBuildFile; fileRef = 8203C7261F99D231004BCAF4 /* IMPRegisterView.m */; };
		8203C72A1F99D2A2004BCAF4 /* IMPBaseLabel.m in Sources */ = {isa = PBXBuildFile; fileRef = 8203C7291F99D2A2004BCAF4 /* IMPBaseLabel.m */; };
		8203C72E1F99DB6A004BCAF4 /* NotoSansHansDemiLight.ttf in Resources */ = {isa = PBXBuildFile; fileRef = 8203C72D1F99DADA004BCAF4 /* NotoSansHansDemiLight.ttf */; };
		8203C7321F99E1CE004BCAF4 /* UIFont+ FontNameCustom.m in Sources */ = {isa = PBXBuildFile; fileRef = 8203C7311F99E1CE004BCAF4 /* UIFont+ FontNameCustom.m */; };
		8203C7351F99F13E004BCAF4 /* IMPBaseTextField.m in Sources */ = {isa = PBXBuildFile; fileRef = 8203C7341F99F13E004BCAF4 /* IMPBaseTextField.m */; };
		822488F11FC6A50D00C607A4 /* IMPAgreementButton.m in Sources */ = {isa = PBXBuildFile; fileRef = 822488F01FC6A50D00C607A4 /* IMPAgreementButton.m */; };
		8227053B1FC2ACBE0036200A /* IMPCountdownView.m in Sources */ = {isa = PBXBuildFile; fileRef = 8227053A1FC2ACBE0036200A /* IMPCountdownView.m */; };
		8227053E1FC2AD720036200A /* IMPTextButton.m in Sources */ = {isa = PBXBuildFile; fileRef = 8227053D1FC2AD720036200A /* IMPTextButton.m */; };
		822705421FC2BA6A0036200A /* IMPSubmitButton.m in Sources */ = {isa = PBXBuildFile; fileRef = 822705411FC2BA6A0036200A /* IMPSubmitButton.m */; };
		822FE85A1FC6CA3600DC2F2A /* IMPBaseButton.m in Sources */ = {isa = PBXBuildFile; fileRef = 822FE8591FC6CA3600DC2F2A /* IMPBaseButton.m */; };
		822FE85D1FC6CA6600DC2F2A /* IMPImageButton.m in Sources */ = {isa = PBXBuildFile; fileRef = 822FE85C1FC6CA6600DC2F2A /* IMPImageButton.m */; };
		822FE8901FCFF5DB00DC2F2A /* IMPTabBarViewController.m in Sources */ = {isa = PBXBuildFile; fileRef = 822FE88F1FCFF5DB00DC2F2A /* IMPTabBarViewController.m */; };
		822FE8A21FD0068D00DC2F2A /* IMPLoanListViewController.m in Sources */ = {isa = PBXBuildFile; fileRef = 822FE8A11FD0068D00DC2F2A /* IMPLoanListViewController.m */; };
		822FE8A51FD006A000DC2F2A /* IMPCouponListViewController.m in Sources */ = {isa = PBXBuildFile; fileRef = 822FE8A41FD006A000DC2F2A /* IMPCouponListViewController.m */; };
		822FE8A81FD006AD00DC2F2A /* IMPAccountViewController.m in Sources */ = {isa = PBXBuildFile; fileRef = 822FE8A71FD006AD00DC2F2A /* IMPAccountViewController.m */; };
		822FE8AA1FD0099300DC2F2A /* IMPTabBarItems.plist in Resources */ = {isa = PBXBuildFile; fileRef = 822FE8A91FD0099300DC2F2A /* IMPTabBarItems.plist */; };
		822FE8AC1FD009BF00DC2F2A /* TabBar.xcassets in Resources */ = {isa = PBXBuildFile; fileRef = 822FE8AB1FD009BF00DC2F2A /* TabBar.xcassets */; };
		822FE8AF1FD00D4E00DC2F2A /* IMPWebViewController.m in Sources */ = {isa = PBXBuildFile; fileRef = 822FE8AE1FD00D4E00DC2F2A /* IMPWebViewController.m */; };
		822FE8B31FD12BC600DC2F2A /* UINavigationBar+BackgroundColor.m in Sources */ = {isa = PBXBuildFile; fileRef = 822FE8B21FD12BC600DC2F2A /* UINavigationBar+BackgroundColor.m */; };
		822FE8B71FD5427000DC2F2A /* LKFadeInAnimator.m in Sources */ = {isa = PBXBuildFile; fileRef = 822FE8B61FD5427000DC2F2A /* LKFadeInAnimator.m */; };
		8245D93C1F8DF99B0056830C /* Account.xcassets in Resources */ = {isa = PBXBuildFile; fileRef = 8245D93B1F8DF99B0056830C /* Account.xcassets */; };
		827A26391F6638C800874BA8 /* AppDelegate.m in Sources */ = {isa = PBXBuildFile; fileRef = 827A26381F6638C800874BA8 /* AppDelegate.m */; };
		827A263C1F6638C800874BA8 /* ViewController.m in Sources */ = {isa = PBXBuildFile; fileRef = 827A263B1F6638C800874BA8 /* ViewController.m */; };
		827A263F1F6638C800874BA8 /* Main.storyboard in Resources */ = {isa = PBXBuildFile; fileRef = 827A263D1F6638C800874BA8 /* Main.storyboard */; };
		827A26411F6638C800874BA8 /* Assets.xcassets in Resources */ = {isa = PBXBuildFile; fileRef = 827A26401F6638C800874BA8 /* Assets.xcassets */; };
		827A26441F6638C800874BA8 /* LaunchScreen.storyboard in Resources */ = {isa = PBXBuildFile; fileRef = 827A26421F6638C800874BA8 /* LaunchScreen.storyboard */; };
		827A26471F6638C800874BA8 /* main.m in Sources */ = {isa = PBXBuildFile; fileRef = 827A26461F6638C800874BA8 /* main.m */; };
		827A26511F6638C800874BA8 /* LoanTests.m in Sources */ = {isa = PBXBuildFile; fileRef = 827A26501F6638C800874BA8 /* LoanTests.m */; };
		827A265C1F6638C800874BA8 /* LoanUITests.m in Sources */ = {isa = PBXBuildFile; fileRef = 827A265B1F6638C800874BA8 /* LoanUITests.m */; };
		828CA75D1F78B3EE00BB7B45 /* IMPAccountLoginViewController.m in Sources */ = {isa = PBXBuildFile; fileRef = 828CA75C1F78B3EE00BB7B45 /* IMPAccountLoginViewController.m */; };
		828CA7601F78B43700BB7B45 /* IMPAccountLoginViewModel.m in Sources */ = {isa = PBXBuildFile; fileRef = 828CA75F1F78B43700BB7B45 /* IMPAccountLoginViewModel.m */; };
		828CA7631F78B44700BB7B45 /* IMPAccountLoginModel.m in Sources */ = {isa = PBXBuildFile; fileRef = 828CA7621F78B44700BB7B45 /* IMPAccountLoginModel.m */; };
		8293C4271F7DEA0400C27391 /* IMPBaseViewController.m in Sources */ = {isa = PBXBuildFile; fileRef = 8293C4261F7DEA0400C27391 /* IMPBaseViewController.m */; };
		8293C42A1F7DEA4C00C27391 /* IMPBaseViewModel.m in Sources */ = {isa = PBXBuildFile; fileRef = 8293C4291F7DEA4C00C27391 /* IMPBaseViewModel.m */; };
		8293C42D1F7DEA5D00C27391 /* IMPBaseModel.m in Sources */ = {isa = PBXBuildFile; fileRef = 8293C42C1F7DEA5D00C27391 /* IMPBaseModel.m */; };
		82A3442C1F95E86300D78155 /* IMPBaseView.m in Sources */ = {isa = PBXBuildFile; fileRef = 82A3442B1F95E86300D78155 /* IMPBaseView.m */; };
		82A3442F1F95E88800D78155 /* IMPLoginView.m in Sources */ = {isa = PBXBuildFile; fileRef = 82A3442E1F95E88800D78155 /* IMPLoginView.m */; };
		82A5D3411FBD796D0079E8D3 /* IMPPasswordTextField.m in Sources */ = {isa = PBXBuildFile; fileRef = 82A5D3401FBD796D0079E8D3 /* IMPPasswordTextField.m */; };
		82F03A4D1FC27F080055775B /* IMPPasswordRetrieveView.m in Sources */ = {isa = PBXBuildFile; fileRef = 82F03A4C1FC27F080055775B /* IMPPasswordRetrieveView.m */; };
		82F03A4F1FC2A25A0055775B /* Common.xcassets in Resources */ = {isa = PBXBuildFile; fileRef = 82F03A4E1FC2A25A0055775B /* Common.xcassets */; };
/* End PBXBuildFile section */

/* Begin PBXContainerItemProxy section */
		827A264D1F6638C800874BA8 /* PBXContainerItemProxy */ = {
			isa = PBXContainerItemProxy;
			containerPortal = 827A262C1F6638C800874BA8 /* Project object */;
			proxyType = 1;
			remoteGlobalIDString = 827A26331F6638C800874BA8;
			remoteInfo = Loan;
		};
		827A26581F6638C800874BA8 /* PBXContainerItemProxy */ = {
			isa = PBXContainerItemProxy;
			containerPortal = 827A262C1F6638C800874BA8 /* Project object */;
			proxyType = 1;
			remoteGlobalIDString = 827A26331F6638C800874BA8;
			remoteInfo = Loan;
		};
/* End PBXContainerItemProxy section */

/* Begin PBXFileReference section */
		24C4E1E012B6AA5F3847DBB5 /* Pods-Loan.debug.xcconfig */ = {isa = PBXFileReference; includeInIndex = 1; lastKnownFileType = text.xcconfig; name = "Pods-Loan.debug.xcconfig"; path = "Pods/Target Support Files/Pods-Loan/Pods-Loan.debug.xcconfig"; sourceTree = "<group>"; };
		8203C7251F99D231004BCAF4 /* IMPRegisterView.h */ = {isa = PBXFileReference; lastKnownFileType = sourcecode.c.h; path = IMPRegisterView.h; sourceTree = "<group>"; };
		8203C7261F99D231004BCAF4 /* IMPRegisterView.m */ = {isa = PBXFileReference; lastKnownFileType = sourcecode.c.objc; path = IMPRegisterView.m; sourceTree = "<group>"; };
		8203C7281F99D2A2004BCAF4 /* IMPBaseLabel.h */ = {isa = PBXFileReference; lastKnownFileType = sourcecode.c.h; path = IMPBaseLabel.h; sourceTree = "<group>"; };
		8203C7291F99D2A2004BCAF4 /* IMPBaseLabel.m */ = {isa = PBXFileReference; lastKnownFileType = sourcecode.c.objc; path = IMPBaseLabel.m; sourceTree = "<group>"; };
		8203C72D1F99DADA004BCAF4 /* NotoSansHansDemiLight.ttf */ = {isa = PBXFileReference; lastKnownFileType = file; path = NotoSansHansDemiLight.ttf; sourceTree = "<group>"; };
		8203C7301F99E1CE004BCAF4 /* UIFont+FontNameCustom.h */ = {isa = PBXFileReference; lastKnownFileType = sourcecode.c.h; path = "UIFont+FontNameCustom.h"; sourceTree = "<group>"; };
		8203C7311F99E1CE004BCAF4 /* UIFont+ FontNameCustom.m */ = {isa = PBXFileReference; lastKnownFileType = sourcecode.c.objc; path = "UIFont+ FontNameCustom.m"; sourceTree = "<group>"; };
		8203C7331F99F13E004BCAF4 /* IMPBaseTextField.h */ = {isa = PBXFileReference; lastKnownFileType = sourcecode.c.h; path = IMPBaseTextField.h; sourceTree = "<group>"; };
		8203C7341F99F13E004BCAF4 /* IMPBaseTextField.m */ = {isa = PBXFileReference; lastKnownFileType = sourcecode.c.objc; path = IMPBaseTextField.m; sourceTree = "<group>"; };
		822488EF1FC6A50D00C607A4 /* IMPAgreementButton.h */ = {isa = PBXFileReference; lastKnownFileType = sourcecode.c.h; path = IMPAgreementButton.h; sourceTree = "<group>"; };
		822488F01FC6A50D00C607A4 /* IMPAgreementButton.m */ = {isa = PBXFileReference; lastKnownFileType = sourcecode.c.objc; path = IMPAgreementButton.m; sourceTree = "<group>"; };
		822705391FC2ACBE0036200A /* IMPCountdownView.h */ = {isa = PBXFileReference; lastKnownFileType = sourcecode.c.h; path = IMPCountdownView.h; sourceTree = "<group>"; };
		8227053A1FC2ACBE0036200A /* IMPCountdownView.m */ = {isa = PBXFileReference; lastKnownFileType = sourcecode.c.objc; path = IMPCountdownView.m; sourceTree = "<group>"; };
		8227053C1FC2AD720036200A /* IMPTextButton.h */ = {isa = PBXFileReference; lastKnownFileType = sourcecode.c.h; path = IMPTextButton.h; sourceTree = "<group>"; };
		8227053D1FC2AD720036200A /* IMPTextButton.m */ = {isa = PBXFileReference; lastKnownFileType = sourcecode.c.objc; path = IMPTextButton.m; sourceTree = "<group>"; };
		822705401FC2BA6A0036200A /* IMPSubmitButton.h */ = {isa = PBXFileReference; lastKnownFileType = sourcecode.c.h; path = IMPSubmitButton.h; sourceTree = "<group>"; };
		822705411FC2BA6A0036200A /* IMPSubmitButton.m */ = {isa = PBXFileReference; lastKnownFileType = sourcecode.c.objc; path = IMPSubmitButton.m; sourceTree = "<group>"; };
		822FE8581FC6CA3600DC2F2A /* IMPBaseButton.h */ = {isa = PBXFileReference; lastKnownFileType = sourcecode.c.h; path = IMPBaseButton.h; sourceTree = "<group>"; };
		822FE8591FC6CA3600DC2F2A /* IMPBaseButton.m */ = {isa = PBXFileReference; lastKnownFileType = sourcecode.c.objc; path = IMPBaseButton.m; sourceTree = "<group>"; };
		822FE85B1FC6CA6600DC2F2A /* IMPImageButton.h */ = {isa = PBXFileReference; lastKnownFileType = sourcecode.c.h; path = IMPImageButton.h; sourceTree = "<group>"; };
		822FE85C1FC6CA6600DC2F2A /* IMPImageButton.m */ = {isa = PBXFileReference; lastKnownFileType = sourcecode.c.objc; path = IMPImageButton.m; sourceTree = "<group>"; };
		822FE88E1FCFF5DB00DC2F2A /* IMPTabBarViewController.h */ = {isa = PBXFileReference; lastKnownFileType = sourcecode.c.h; path = IMPTabBarViewController.h; sourceTree = "<group>"; };
		822FE88F1FCFF5DB00DC2F2A /* IMPTabBarViewController.m */ = {isa = PBXFileReference; lastKnownFileType = sourcecode.c.objc; path = IMPTabBarViewController.m; sourceTree = "<group>"; };
		822FE8A01FD0068D00DC2F2A /* IMPLoanListViewController.h */ = {isa = PBXFileReference; lastKnownFileType = sourcecode.c.h; path = IMPLoanListViewController.h; sourceTree = "<group>"; };
		822FE8A11FD0068D00DC2F2A /* IMPLoanListViewController.m */ = {isa = PBXFileReference; lastKnownFileType = sourcecode.c.objc; path = IMPLoanListViewController.m; sourceTree = "<group>"; };
		822FE8A31FD006A000DC2F2A /* IMPCouponListViewController.h */ = {isa = PBXFileReference; lastKnownFileType = sourcecode.c.h; path = IMPCouponListViewController.h; sourceTree = "<group>"; };
		822FE8A41FD006A000DC2F2A /* IMPCouponListViewController.m */ = {isa = PBXFileReference; lastKnownFileType = sourcecode.c.objc; path = IMPCouponListViewController.m; sourceTree = "<group>"; };
		822FE8A61FD006AD00DC2F2A /* IMPAccountViewController.h */ = {isa = PBXFileReference; lastKnownFileType = sourcecode.c.h; path = IMPAccountViewController.h; sourceTree = "<group>"; };
		822FE8A71FD006AD00DC2F2A /* IMPAccountViewController.m */ = {isa = PBXFileReference; lastKnownFileType = sourcecode.c.objc; path = IMPAccountViewController.m; sourceTree = "<group>"; };
		822FE8A91FD0099300DC2F2A /* IMPTabBarItems.plist */ = {isa = PBXFileReference; fileEncoding = 4; lastKnownFileType = text.plist.xml; path = IMPTabBarItems.plist; sourceTree = "<group>"; };
		822FE8AB1FD009BF00DC2F2A /* TabBar.xcassets */ = {isa = PBXFileReference; lastKnownFileType = folder.assetcatalog; path = TabBar.xcassets; sourceTree = "<group>"; };
		822FE8AD1FD00D4E00DC2F2A /* IMPWebViewController.h */ = {isa = PBXFileReference; lastKnownFileType = sourcecode.c.h; path = IMPWebViewController.h; sourceTree = "<group>"; };
		822FE8AE1FD00D4E00DC2F2A /* IMPWebViewController.m */ = {isa = PBXFileReference; lastKnownFileType = sourcecode.c.objc; path = IMPWebViewController.m; sourceTree = "<group>"; };
		822FE8B11FD12BC600DC2F2A /* UINavigationBar+BackgroundColor.h */ = {isa = PBXFileReference; lastKnownFileType = sourcecode.c.h; path = "UINavigationBar+BackgroundColor.h"; sourceTree = "<group>"; };
		822FE8B21FD12BC600DC2F2A /* UINavigationBar+BackgroundColor.m */ = {isa = PBXFileReference; lastKnownFileType = sourcecode.c.objc; path = "UINavigationBar+BackgroundColor.m"; sourceTree = "<group>"; };
		822FE8B51FD5427000DC2F2A /* LKFadeInAnimator.h */ = {isa = PBXFileReference; lastKnownFileType = sourcecode.c.h; path = LKFadeInAnimator.h; sourceTree = "<group>"; };
		822FE8B61FD5427000DC2F2A /* LKFadeInAnimator.m */ = {isa = PBXFileReference; lastKnownFileType = sourcecode.c.objc; path = LKFadeInAnimator.m; sourceTree = "<group>"; };
		8245D93B1F8DF99B0056830C /* Account.xcassets */ = {isa = PBXFileReference; lastKnownFileType = folder.assetcatalog; path = Account.xcassets; sourceTree = "<group>"; };
		8245D93D1F8DFBE30056830C /* Loan-prefix.pch */ = {isa = PBXFileReference; lastKnownFileType = sourcecode.c.h; path = "Loan-prefix.pch"; sourceTree = "<group>"; };
		827A26341F6638C800874BA8 /* Loan.app */ = {isa = PBXFileReference; explicitFileType = wrapper.application; includeInIndex = 0; path = Loan.app; sourceTree = BUILT_PRODUCTS_DIR; };
		827A26371F6638C800874BA8 /* AppDelegate.h */ = {isa = PBXFileReference; lastKnownFileType = sourcecode.c.h; path = AppDelegate.h; sourceTree = "<group>"; };
		827A26381F6638C800874BA8 /* AppDelegate.m */ = {isa = PBXFileReference; lastKnownFileType = sourcecode.c.objc; path = AppDelegate.m; sourceTree = "<group>"; };
		827A263A1F6638C800874BA8 /* ViewController.h */ = {isa = PBXFileReference; lastKnownFileType = sourcecode.c.h; path = ViewController.h; sourceTree = "<group>"; };
		827A263B1F6638C800874BA8 /* ViewController.m */ = {isa = PBXFileReference; lastKnownFileType = sourcecode.c.objc; path = ViewController.m; sourceTree = "<group>"; };
		827A263E1F6638C800874BA8 /* Base */ = {isa = PBXFileReference; lastKnownFileType = file.storyboard; name = Base; path = Base.lproj/Main.storyboard; sourceTree = "<group>"; };
		827A26401F6638C800874BA8 /* Assets.xcassets */ = {isa = PBXFileReference; lastKnownFileType = folder.assetcatalog; path = Assets.xcassets; sourceTree = "<group>"; };
		827A26431F6638C800874BA8 /* Base */ = {isa = PBXFileReference; lastKnownFileType = file.storyboard; name = Base; path = Base.lproj/LaunchScreen.storyboard; sourceTree = "<group>"; };
		827A26451F6638C800874BA8 /* Info.plist */ = {isa = PBXFileReference; lastKnownFileType = text.plist.xml; path = Info.plist; sourceTree = "<group>"; };
		827A26461F6638C800874BA8 /* main.m */ = {isa = PBXFileReference; lastKnownFileType = sourcecode.c.objc; path = main.m; sourceTree = "<group>"; };
		827A264C1F6638C800874BA8 /* LoanTests.xctest */ = {isa = PBXFileReference; explicitFileType = wrapper.cfbundle; includeInIndex = 0; path = LoanTests.xctest; sourceTree = BUILT_PRODUCTS_DIR; };
		827A26501F6638C800874BA8 /* LoanTests.m */ = {isa = PBXFileReference; lastKnownFileType = sourcecode.c.objc; path = LoanTests.m; sourceTree = "<group>"; };
		827A26521F6638C800874BA8 /* Info.plist */ = {isa = PBXFileReference; lastKnownFileType = text.plist.xml; path = Info.plist; sourceTree = "<group>"; };
		827A26571F6638C800874BA8 /* LoanUITests.xctest */ = {isa = PBXFileReference; explicitFileType = wrapper.cfbundle; includeInIndex = 0; path = LoanUITests.xctest; sourceTree = BUILT_PRODUCTS_DIR; };
		827A265B1F6638C800874BA8 /* LoanUITests.m */ = {isa = PBXFileReference; lastKnownFileType = sourcecode.c.objc; path = LoanUITests.m; sourceTree = "<group>"; };
		827A265D1F6638C800874BA8 /* Info.plist */ = {isa = PBXFileReference; lastKnownFileType = text.plist.xml; path = Info.plist; sourceTree = "<group>"; };
		828CA75B1F78B3EE00BB7B45 /* IMPAccountLoginViewController.h */ = {isa = PBXFileReference; lastKnownFileType = sourcecode.c.h; path = IMPAccountLoginViewController.h; sourceTree = "<group>"; };
		828CA75C1F78B3EE00BB7B45 /* IMPAccountLoginViewController.m */ = {isa = PBXFileReference; lastKnownFileType = sourcecode.c.objc; path = IMPAccountLoginViewController.m; sourceTree = "<group>"; };
		828CA75E1F78B43700BB7B45 /* IMPAccountLoginViewModel.h */ = {isa = PBXFileReference; lastKnownFileType = sourcecode.c.h; path = IMPAccountLoginViewModel.h; sourceTree = "<group>"; };
		828CA75F1F78B43700BB7B45 /* IMPAccountLoginViewModel.m */ = {isa = PBXFileReference; lastKnownFileType = sourcecode.c.objc; path = IMPAccountLoginViewModel.m; sourceTree = "<group>"; };
		828CA7611F78B44700BB7B45 /* IMPAccountLoginModel.h */ = {isa = PBXFileReference; lastKnownFileType = sourcecode.c.h; path = IMPAccountLoginModel.h; sourceTree = "<group>"; };
		828CA7621F78B44700BB7B45 /* IMPAccountLoginModel.m */ = {isa = PBXFileReference; lastKnownFileType = sourcecode.c.objc; path = IMPAccountLoginModel.m; sourceTree = "<group>"; };
		8293C4251F7DEA0400C27391 /* IMPBaseViewController.h */ = {isa = PBXFileReference; lastKnownFileType = sourcecode.c.h; path = IMPBaseViewController.h; sourceTree = "<group>"; };
		8293C4261F7DEA0400C27391 /* IMPBaseViewController.m */ = {isa = PBXFileReference; lastKnownFileType = sourcecode.c.objc; path = IMPBaseViewController.m; sourceTree = "<group>"; };
		8293C4281F7DEA4C00C27391 /* IMPBaseViewModel.h */ = {isa = PBXFileReference; lastKnownFileType = sourcecode.c.h; path = IMPBaseViewModel.h; sourceTree = "<group>"; };
		8293C4291F7DEA4C00C27391 /* IMPBaseViewModel.m */ = {isa = PBXFileReference; lastKnownFileType = sourcecode.c.objc; path = IMPBaseViewModel.m; sourceTree = "<group>"; };
		8293C42B1F7DEA5D00C27391 /* IMPBaseModel.h */ = {isa = PBXFileReference; lastKnownFileType = sourcecode.c.h; path = IMPBaseModel.h; sourceTree = "<group>"; };
		8293C42C1F7DEA5D00C27391 /* IMPBaseModel.m */ = {isa = PBXFileReference; lastKnownFileType = sourcecode.c.objc; path = IMPBaseModel.m; sourceTree = "<group>"; };
		82A3442A1F95E86300D78155 /* IMPBaseView.h */ = {isa = PBXFileReference; lastKnownFileType = sourcecode.c.h; path = IMPBaseView.h; sourceTree = "<group>"; };
		82A3442B1F95E86300D78155 /* IMPBaseView.m */ = {isa = PBXFileReference; lastKnownFileType = sourcecode.c.objc; path = IMPBaseView.m; sourceTree = "<group>"; };
		82A3442D1F95E88800D78155 /* IMPLoginView.h */ = {isa = PBXFileReference; lastKnownFileType = sourcecode.c.h; path = IMPLoginView.h; sourceTree = "<group>"; };
		82A3442E1F95E88800D78155 /* IMPLoginView.m */ = {isa = PBXFileReference; lastKnownFileType = sourcecode.c.objc; path = IMPLoginView.m; sourceTree = "<group>"; };
		82A5D33F1FBD796D0079E8D3 /* IMPPasswordTextField.h */ = {isa = PBXFileReference; lastKnownFileType = sourcecode.c.h; path = IMPPasswordTextField.h; sourceTree = "<group>"; };
		82A5D3401FBD796D0079E8D3 /* IMPPasswordTextField.m */ = {isa = PBXFileReference; lastKnownFileType = sourcecode.c.objc; path = IMPPasswordTextField.m; sourceTree = "<group>"; };
		82DBF7A81F8C97F20023FC43 /* IMPEnum.h */ = {isa = PBXFileReference; lastKnownFileType = sourcecode.c.h; path = IMPEnum.h; sourceTree = "<group>"; };
		82DBF7A91F8C99810023FC43 /* IMPServerConfig.h */ = {isa = PBXFileReference; lastKnownFileType = sourcecode.c.h; path = IMPServerConfig.h; sourceTree = "<group>"; };
		82DBF7AA1F8C9AB40023FC43 /* IMPMacro.h */ = {isa = PBXFileReference; lastKnownFileType = sourcecode.c.h; path = IMPMacro.h; sourceTree = "<group>"; };
		82F03A4B1FC27F080055775B /* IMPPasswordRetrieveView.h */ = {isa = PBXFileReference; lastKnownFileType = sourcecode.c.h; path = IMPPasswordRetrieveView.h; sourceTree = "<group>"; };
		82F03A4C1FC27F080055775B /* IMPPasswordRetrieveView.m */ = {isa = PBXFileReference; lastKnownFileType = sourcecode.c.objc; path = IMPPasswordRetrieveView.m; sourceTree = "<group>"; };
		82F03A4E1FC2A25A0055775B /* Common.xcassets */ = {isa = PBXFileReference; lastKnownFileType = folder.assetcatalog; path = Common.xcassets; sourceTree = "<group>"; };
		A8D11A620B36C51111EE4DF1 /* Pods_Loan.framework */ = {isa = PBXFileReference; explicitFileType = wrapper.framework; includeInIndex = 0; path = Pods_Loan.framework; sourceTree = BUILT_PRODUCTS_DIR; };
		B8FA798D92849B979D05657E /* Pods-Loan.release.xcconfig */ = {isa = PBXFileReference; includeInIndex = 1; lastKnownFileType = text.xcconfig; name = "Pods-Loan.release.xcconfig"; path = "Pods/Target Support Files/Pods-Loan/Pods-Loan.release.xcconfig"; sourceTree = "<group>"; };
/* End PBXFileReference section */

/* Begin PBXFrameworksBuildPhase section */
		827A26311F6638C800874BA8 /* Frameworks */ = {
			isa = PBXFrameworksBuildPhase;
			buildActionMask = 2147483647;
			files = (
				11D7DB2118808551BA3D1E47 /* Pods_Loan.framework in Frameworks */,
			);
			runOnlyForDeploymentPostprocessing = 0;
		};
		827A26491F6638C800874BA8 /* Frameworks */ = {
			isa = PBXFrameworksBuildPhase;
			buildActionMask = 2147483647;
			files = (
			);
			runOnlyForDeploymentPostprocessing = 0;
		};
		827A26541F6638C800874BA8 /* Frameworks */ = {
			isa = PBXFrameworksBuildPhase;
			buildActionMask = 2147483647;
			files = (
			);
			runOnlyForDeploymentPostprocessing = 0;
		};
/* End PBXFrameworksBuildPhase section */

/* Begin PBXGroup section */
		7F3AB93785BD1D6BEEFC2D4D /* Frameworks */ = {
			isa = PBXGroup;
			children = (
				A8D11A620B36C51111EE4DF1 /* Pods_Loan.framework */,
			);
			name = Frameworks;
			sourceTree = "<group>";
		};
		8203C72B1F99D2FE004BCAF4 /* CustomView */ = {
			isa = PBXGroup;
			children = (
				82A5D33F1FBD796D0079E8D3 /* IMPPasswordTextField.h */,
				82A5D3401FBD796D0079E8D3 /* IMPPasswordTextField.m */,
				822705391FC2ACBE0036200A /* IMPCountdownView.h */,
				8227053A1FC2ACBE0036200A /* IMPCountdownView.m */,
				8227053C1FC2AD720036200A /* IMPTextButton.h */,
				8227053D1FC2AD720036200A /* IMPTextButton.m */,
				822705401FC2BA6A0036200A /* IMPSubmitButton.h */,
				822705411FC2BA6A0036200A /* IMPSubmitButton.m */,
				822488EF1FC6A50D00C607A4 /* IMPAgreementButton.h */,
				822488F01FC6A50D00C607A4 /* IMPAgreementButton.m */,
				822FE85B1FC6CA6600DC2F2A /* IMPImageButton.h */,
				822FE85C1FC6CA6600DC2F2A /* IMPImageButton.m */,
				822FE8B51FD5427000DC2F2A /* LKFadeInAnimator.h */,
				822FE8B61FD5427000DC2F2A /* LKFadeInAnimator.m */,
			);
			path = CustomView;
			sourceTree = "<group>";
		};
		8203C72C1F99DAD1004BCAF4 /* Fonts */ = {
			isa = PBXGroup;
			children = (
				8203C72D1F99DADA004BCAF4 /* NotoSansHansDemiLight.ttf */,
			);
			path = Fonts;
			sourceTree = "<group>";
		};
		8203C72F1F99DF68004BCAF4 /* Category */ = {
			isa = PBXGroup;
			children = (
				8203C7301F99E1CE004BCAF4 /* UIFont+FontNameCustom.h */,
				8203C7311F99E1CE004BCAF4 /* UIFont+ FontNameCustom.m */,
				822FE8B11FD12BC600DC2F2A /* UINavigationBar+BackgroundColor.h */,
				822FE8B21FD12BC600DC2F2A /* UINavigationBar+BackgroundColor.m */,
			);
			path = Category;
			sourceTree = "<group>";
		};
		822FE8911FD005D400DC2F2A /* Loan */ = {
			isa = PBXGroup;
			children = (
				822FE8951FD0063300DC2F2A /* Model */,
				822FE8961FD0063300DC2F2A /* ViewController */,
				822FE8941FD0063300DC2F2A /* ViewModel */,
			);
			path = Loan;
			sourceTree = "<group>";
		};
		822FE8921FD005D500DC2F2A /* Account */ = {
			isa = PBXGroup;
			children = (
				822FE89C1FD0064600DC2F2A /* Model */,
				822FE89E1FD0064600DC2F2A /* ViewController */,
				822FE89D1FD0064600DC2F2A /* ViewModel */,
			);
			path = Account;
			sourceTree = "<group>";
		};
		822FE8931FD005D500DC2F2A /* Coupon */ = {
			isa = PBXGroup;
			children = (
				822FE8981FD0063C00DC2F2A /* Model */,
				822FE8991FD0063D00DC2F2A /* ViewController */,
				822FE89B1FD0063D00DC2F2A /* ViewModel */,
			);
			path = Coupon;
			sourceTree = "<group>";
		};
		822FE8941FD0063300DC2F2A /* ViewModel */ = {
			isa = PBXGroup;
			children = (
			);
			path = ViewModel;
			sourceTree = "<group>";
		};
		822FE8951FD0063300DC2F2A /* Model */ = {
			isa = PBXGroup;
			children = (
			);
			path = Model;
			sourceTree = "<group>";
		};
		822FE8961FD0063300DC2F2A /* ViewController */ = {
			isa = PBXGroup;
			children = (
				822FE8971FD0063300DC2F2A /* View */,
				822FE8A01FD0068D00DC2F2A /* IMPLoanListViewController.h */,
				822FE8A11FD0068D00DC2F2A /* IMPLoanListViewController.m */,
			);
			path = ViewController;
			sourceTree = "<group>";
		};
		822FE8971FD0063300DC2F2A /* View */ = {
			isa = PBXGroup;
			children = (
			);
			path = View;
			sourceTree = "<group>";
		};
		822FE8981FD0063C00DC2F2A /* Model */ = {
			isa = PBXGroup;
			children = (
			);
			path = Model;
			sourceTree = "<group>";
		};
		822FE8991FD0063D00DC2F2A /* ViewController */ = {
			isa = PBXGroup;
			children = (
				822FE89A1FD0063D00DC2F2A /* View */,
				822FE8A31FD006A000DC2F2A /* IMPCouponListViewController.h */,
				822FE8A41FD006A000DC2F2A /* IMPCouponListViewController.m */,
			);
			path = ViewController;
			sourceTree = "<group>";
		};
		822FE89A1FD0063D00DC2F2A /* View */ = {
			isa = PBXGroup;
			children = (
			);
			path = View;
			sourceTree = "<group>";
		};
		822FE89B1FD0063D00DC2F2A /* ViewModel */ = {
			isa = PBXGroup;
			children = (
			);
			path = ViewModel;
			sourceTree = "<group>";
		};
		822FE89C1FD0064600DC2F2A /* Model */ = {
			isa = PBXGroup;
			children = (
			);
			path = Model;
			sourceTree = "<group>";
		};
		822FE89D1FD0064600DC2F2A /* ViewModel */ = {
			isa = PBXGroup;
			children = (
			);
			path = ViewModel;
			sourceTree = "<group>";
		};
		822FE89E1FD0064600DC2F2A /* ViewController */ = {
			isa = PBXGroup;
			children = (
				822FE89F1FD0064600DC2F2A /* View */,
				822FE8A61FD006AD00DC2F2A /* IMPAccountViewController.h */,
				822FE8A71FD006AD00DC2F2A /* IMPAccountViewController.m */,
			);
			path = ViewController;
			sourceTree = "<group>";
		};
		822FE89F1FD0064600DC2F2A /* View */ = {
			isa = PBXGroup;
			children = (
			);
			path = View;
			sourceTree = "<group>";
		};
		827A262B1F6638C800874BA8 = {
			isa = PBXGroup;
			children = (
				827A26361F6638C800874BA8 /* Loan */,
				827A264F1F6638C800874BA8 /* LoanTests */,
				827A265A1F6638C800874BA8 /* LoanUITests */,
				827A26351F6638C800874BA8 /* Products */,
				C300E86AC3F34F195F5B4420 /* Pods */,
				7F3AB93785BD1D6BEEFC2D4D /* Frameworks */,
			);
			sourceTree = "<group>";
		};
		827A26351F6638C800874BA8 /* Products */ = {
			isa = PBXGroup;
			children = (
				827A26341F6638C800874BA8 /* Loan.app */,
				827A264C1F6638C800874BA8 /* LoanTests.xctest */,
				827A26571F6638C800874BA8 /* LoanUITests.xctest */,
			);
			name = Products;
			sourceTree = "<group>";
		};
		827A26361F6638C800874BA8 /* Loan */ = {
			isa = PBXGroup;
			children = (
				828CA7521F735DF700BB7B45 /* Classes */,
				828CA7531F735E3A00BB7B45 /* Resources */,
			);
			path = Loan;
			sourceTree = "<group>";
		};
		827A264F1F6638C800874BA8 /* LoanTests */ = {
			isa = PBXGroup;
			children = (
				827A26501F6638C800874BA8 /* LoanTests.m */,
				827A26521F6638C800874BA8 /* Info.plist */,
			);
			path = LoanTests;
			sourceTree = "<group>";
		};
		827A265A1F6638C800874BA8 /* LoanUITests */ = {
			isa = PBXGroup;
			children = (
				827A265B1F6638C800874BA8 /* LoanUITests.m */,
				827A265D1F6638C800874BA8 /* Info.plist */,
			);
			path = LoanUITests;
			sourceTree = "<group>";
		};
		828CA7521F735DF700BB7B45 /* Classes */ = {
			isa = PBXGroup;
			children = (
				82DBF7A41F8C96780023FC43 /* Features */,
				82DBF7A51F8C96BA0023FC43 /* Common */,
				827A26371F6638C800874BA8 /* AppDelegate.h */,
				827A26381F6638C800874BA8 /* AppDelegate.m */,
				827A263A1F6638C800874BA8 /* ViewController.h */,
				827A263B1F6638C800874BA8 /* ViewController.m */,
				827A26461F6638C800874BA8 /* main.m */,
				8245D93D1F8DFBE30056830C /* Loan-prefix.pch */,
			);
			path = Classes;
			sourceTree = "<group>";
		};
		828CA7531F735E3A00BB7B45 /* Resources */ = {
			isa = PBXGroup;
			children = (
				8203C72C1F99DAD1004BCAF4 /* Fonts */,
				828CA7541F73633100BB7B45 /* Images */,
				828CA7551F73633100BB7B45 /* Plists */,
				828CA7561F73633100BB7B45 /* Storyboards */,
			);
			path = Resources;
			sourceTree = "<group>";
		};
		828CA7541F73633100BB7B45 /* Images */ = {
			isa = PBXGroup;
			children = (
				827A26401F6638C800874BA8 /* Assets.xcassets */,
				8245D93B1F8DF99B0056830C /* Account.xcassets */,
				82F03A4E1FC2A25A0055775B /* Common.xcassets */,
				822FE8AB1FD009BF00DC2F2A /* TabBar.xcassets */,
			);
			path = Images;
			sourceTree = "<group>";
		};
		828CA7551F73633100BB7B45 /* Plists */ = {
			isa = PBXGroup;
			children = (
				822FE8A91FD0099300DC2F2A /* IMPTabBarItems.plist */,
				827A26451F6638C800874BA8 /* Info.plist */,
			);
			path = Plists;
			sourceTree = "<group>";
		};
		828CA7561F73633100BB7B45 /* Storyboards */ = {
			isa = PBXGroup;
			children = (
				827A263D1F6638C800874BA8 /* Main.storyboard */,
				827A26421F6638C800874BA8 /* LaunchScreen.storyboard */,
			);
			path = Storyboards;
			sourceTree = "<group>";
		};
		828CA7571F7363FD00BB7B45 /* Login */ = {
			isa = PBXGroup;
			children = (
				828CA75A1F78B3D100BB7B45 /* Model */,
				828CA7581F78B3D100BB7B45 /* ViewController */,
				828CA7591F78B3D100BB7B45 /* ViewModel */,
			);
			path = Login;
			sourceTree = "<group>";
		};
		828CA7581F78B3D100BB7B45 /* ViewController */ = {
			isa = PBXGroup;
			children = (
				82A344281F95E7F400D78155 /* View */,
				828CA75B1F78B3EE00BB7B45 /* IMPAccountLoginViewController.h */,
				828CA75C1F78B3EE00BB7B45 /* IMPAccountLoginViewController.m */,
			);
			path = ViewController;
			sourceTree = "<group>";
		};
		828CA7591F78B3D100BB7B45 /* ViewModel */ = {
			isa = PBXGroup;
			children = (
				828CA75E1F78B43700BB7B45 /* IMPAccountLoginViewModel.h */,
				828CA75F1F78B43700BB7B45 /* IMPAccountLoginViewModel.m */,
			);
			path = ViewModel;
			sourceTree = "<group>";
		};
		828CA75A1F78B3D100BB7B45 /* Model */ = {
			isa = PBXGroup;
			children = (
				828CA7611F78B44700BB7B45 /* IMPAccountLoginModel.h */,
				828CA7621F78B44700BB7B45 /* IMPAccountLoginModel.m */,
			);
			path = Model;
			sourceTree = "<group>";
		};
		8293C4211F7DE9B100C27391 /* Base */ = {
			isa = PBXGroup;
			children = (
				8293C4241F7DE9E300C27391 /* ViewController */,
				8293C4231F7DE9E300C27391 /* ViewModel */,
				8293C4221F7DE9E300C27391 /* Model */,
			);
			path = Base;
			sourceTree = "<group>";
		};
		8293C4221F7DE9E300C27391 /* Model */ = {
			isa = PBXGroup;
			children = (
				8293C42B1F7DEA5D00C27391 /* IMPBaseModel.h */,
				8293C42C1F7DEA5D00C27391 /* IMPBaseModel.m */,
			);
			path = Model;
			sourceTree = "<group>";
		};
		8293C4231F7DE9E300C27391 /* ViewModel */ = {
			isa = PBXGroup;
			children = (
				8293C4281F7DEA4C00C27391 /* IMPBaseViewModel.h */,
				8293C4291F7DEA4C00C27391 /* IMPBaseViewModel.m */,
			);
			path = ViewModel;
			sourceTree = "<group>";
		};
		8293C4241F7DE9E300C27391 /* ViewController */ = {
			isa = PBXGroup;
			children = (
				82A344291F95E85500D78155 /* View */,
				8293C4251F7DEA0400C27391 /* IMPBaseViewController.h */,
				8293C4261F7DEA0400C27391 /* IMPBaseViewController.m */,
				822FE88E1FCFF5DB00DC2F2A /* IMPTabBarViewController.h */,
				822FE88F1FCFF5DB00DC2F2A /* IMPTabBarViewController.m */,
				822FE8AD1FD00D4E00DC2F2A /* IMPWebViewController.h */,
				822FE8AE1FD00D4E00DC2F2A /* IMPWebViewController.m */,
			);
			path = ViewController;
			sourceTree = "<group>";
		};
		82A344281F95E7F400D78155 /* View */ = {
			isa = PBXGroup;
			children = (
				82A3442D1F95E88800D78155 /* IMPLoginView.h */,
				82A3442E1F95E88800D78155 /* IMPLoginView.m */,
				8203C7251F99D231004BCAF4 /* IMPRegisterView.h */,
				8203C7261F99D231004BCAF4 /* IMPRegisterView.m */,
				82F03A4B1FC27F080055775B /* IMPPasswordRetrieveView.h */,
				82F03A4C1FC27F080055775B /* IMPPasswordRetrieveView.m */,
			);
			path = View;
			sourceTree = "<group>";
		};
		82A344291F95E85500D78155 /* View */ = {
			isa = PBXGroup;
			children = (
				822FE8581FC6CA3600DC2F2A /* IMPBaseButton.h */,
				822FE8591FC6CA3600DC2F2A /* IMPBaseButton.m */,
				8203C7281F99D2A2004BCAF4 /* IMPBaseLabel.h */,
				8203C7291F99D2A2004BCAF4 /* IMPBaseLabel.m */,
				8203C7331F99F13E004BCAF4 /* IMPBaseTextField.h */,
				8203C7341F99F13E004BCAF4 /* IMPBaseTextField.m */,
				82A3442A1F95E86300D78155 /* IMPBaseView.h */,
				82A3442B1F95E86300D78155 /* IMPBaseView.m */,
			);
			path = View;
			sourceTree = "<group>";
		};
		82DBF7A41F8C96780023FC43 /* Features */ = {
			isa = PBXGroup;
			children = (
				822FE8921FD005D500DC2F2A /* Account */,
				822FE8931FD005D500DC2F2A /* Coupon */,
				822FE8911FD005D400DC2F2A /* Loan */,
				828CA7571F7363FD00BB7B45 /* Login */,
			);
			path = Features;
			sourceTree = "<group>";
		};
		82DBF7A51F8C96BA0023FC43 /* Common */ = {
			isa = PBXGroup;
			children = (
				8293C4211F7DE9B100C27391 /* Base */,
				82DBF7A61F8C97AF0023FC43 /* Config */,
				82DBF7A71F8C97AF0023FC43 /* Utils */,
			);
			path = Common;
			sourceTree = "<group>";
		};
		82DBF7A61F8C97AF0023FC43 /* Config */ = {
			isa = PBXGroup;
			children = (
				82DBF7A81F8C97F20023FC43 /* IMPEnum.h */,
				82DBF7A91F8C99810023FC43 /* IMPServerConfig.h */,
				82DBF7AA1F8C9AB40023FC43 /* IMPMacro.h */,
			);
			path = Config;
			sourceTree = "<group>";
		};
		82DBF7A71F8C97AF0023FC43 /* Utils */ = {
			isa = PBXGroup;
			children = (
				8203C72F1F99DF68004BCAF4 /* Category */,
				8203C72B1F99D2FE004BCAF4 /* CustomView */,
			);
			path = Utils;
			sourceTree = "<group>";
		};
		C300E86AC3F34F195F5B4420 /* Pods */ = {
			isa = PBXGroup;
			children = (
				24C4E1E012B6AA5F3847DBB5 /* Pods-Loan.debug.xcconfig */,
				B8FA798D92849B979D05657E /* Pods-Loan.release.xcconfig */,
			);
			name = Pods;
			sourceTree = "<group>";
		};
/* End PBXGroup section */

/* Begin PBXNativeTarget section */
		827A26331F6638C800874BA8 /* Loan */ = {
			isa = PBXNativeTarget;
			buildConfigurationList = 827A26601F6638C800874BA8 /* Build configuration list for PBXNativeTarget "Loan" */;
			buildPhases = (
				96940DB3FEBE7C2203B48EF7 /* [CP] Check Pods Manifest.lock */,
				827A26301F6638C800874BA8 /* Sources */,
				827A26311F6638C800874BA8 /* Frameworks */,
				827A26321F6638C800874BA8 /* Resources */,
				B85687BB6E6FC300620F411D /* [CP] Embed Pods Frameworks */,
				F8D75EBAF9BC2790E578E173 /* [CP] Copy Pods Resources */,
			);
			buildRules = (
			);
			dependencies = (
			);
			name = Loan;
			productName = Loan;
			productReference = 827A26341F6638C800874BA8 /* Loan.app */;
			productType = "com.apple.product-type.application";
		};
		827A264B1F6638C800874BA8 /* LoanTests */ = {
			isa = PBXNativeTarget;
			buildConfigurationList = 827A26631F6638C800874BA8 /* Build configuration list for PBXNativeTarget "LoanTests" */;
			buildPhases = (
				827A26481F6638C800874BA8 /* Sources */,
				827A26491F6638C800874BA8 /* Frameworks */,
				827A264A1F6638C800874BA8 /* Resources */,
			);
			buildRules = (
			);
			dependencies = (
				827A264E1F6638C800874BA8 /* PBXTargetDependency */,
			);
			name = LoanTests;
			productName = LoanTests;
			productReference = 827A264C1F6638C800874BA8 /* LoanTests.xctest */;
			productType = "com.apple.product-type.bundle.unit-test";
		};
		827A26561F6638C800874BA8 /* LoanUITests */ = {
			isa = PBXNativeTarget;
			buildConfigurationList = 827A26661F6638C800874BA8 /* Build configuration list for PBXNativeTarget "LoanUITests" */;
			buildPhases = (
				827A26531F6638C800874BA8 /* Sources */,
				827A26541F6638C800874BA8 /* Frameworks */,
				827A26551F6638C800874BA8 /* Resources */,
			);
			buildRules = (
			);
			dependencies = (
				827A26591F6638C800874BA8 /* PBXTargetDependency */,
			);
			name = LoanUITests;
			productName = LoanUITests;
			productReference = 827A26571F6638C800874BA8 /* LoanUITests.xctest */;
			productType = "com.apple.product-type.bundle.ui-testing";
		};
/* End PBXNativeTarget section */

/* Begin PBXProject section */
		827A262C1F6638C800874BA8 /* Project object */ = {
			isa = PBXProject;
			attributes = {
				LastUpgradeCheck = 0900;
				ORGANIZATIONNAME = imobpay;
				TargetAttributes = {
					827A26331F6638C800874BA8 = {
						CreatedOnToolsVersion = 9.0;
						ProvisioningStyle = Manual;
					};
					827A264B1F6638C800874BA8 = {
						CreatedOnToolsVersion = 9.0;
						ProvisioningStyle = Automatic;
						TestTargetID = 827A26331F6638C800874BA8;
					};
					827A26561F6638C800874BA8 = {
						CreatedOnToolsVersion = 9.0;
						ProvisioningStyle = Automatic;
						TestTargetID = 827A26331F6638C800874BA8;
					};
				};
			};
			buildConfigurationList = 827A262F1F6638C800874BA8 /* Build configuration list for PBXProject "Loan" */;
			compatibilityVersion = "Xcode 8.0";
			developmentRegion = en;
			hasScannedForEncodings = 0;
			knownRegions = (
				en,
				Base,
			);
			mainGroup = 827A262B1F6638C800874BA8;
			productRefGroup = 827A26351F6638C800874BA8 /* Products */;
			projectDirPath = "";
			projectRoot = "";
			targets = (
				827A26331F6638C800874BA8 /* Loan */,
				827A264B1F6638C800874BA8 /* LoanTests */,
				827A26561F6638C800874BA8 /* LoanUITests */,
			);
		};
/* End PBXProject section */

/* Begin PBXResourcesBuildPhase section */
		827A26321F6638C800874BA8 /* Resources */ = {
			isa = PBXResourcesBuildPhase;
			buildActionMask = 2147483647;
			files = (
				8203C72E1F99DB6A004BCAF4 /* NotoSansHansDemiLight.ttf in Resources */,
				827A26441F6638C800874BA8 /* LaunchScreen.storyboard in Resources */,
				82F03A4F1FC2A25A0055775B /* Common.xcassets in Resources */,
				822FE8AA1FD0099300DC2F2A /* IMPTabBarItems.plist in Resources */,
				8245D93C1F8DF99B0056830C /* Account.xcassets in Resources */,
				827A26411F6638C800874BA8 /* Assets.xcassets in Resources */,
				827A263F1F6638C800874BA8 /* Main.storyboard in Resources */,
				822FE8AC1FD009BF00DC2F2A /* TabBar.xcassets in Resources */,
			);
			runOnlyForDeploymentPostprocessing = 0;
		};
		827A264A1F6638C800874BA8 /* Resources */ = {
			isa = PBXResourcesBuildPhase;
			buildActionMask = 2147483647;
			files = (
			);
			runOnlyForDeploymentPostprocessing = 0;
		};
		827A26551F6638C800874BA8 /* Resources */ = {
			isa = PBXResourcesBuildPhase;
			buildActionMask = 2147483647;
			files = (
			);
			runOnlyForDeploymentPostprocessing = 0;
		};
/* End PBXResourcesBuildPhase section */

/* Begin PBXShellScriptBuildPhase section */
		96940DB3FEBE7C2203B48EF7 /* [CP] Check Pods Manifest.lock */ = {
			isa = PBXShellScriptBuildPhase;
			buildActionMask = 2147483647;
			files = (
			);
			inputPaths = (
				"${PODS_PODFILE_DIR_PATH}/Podfile.lock",
				"${PODS_ROOT}/Manifest.lock",
			);
			name = "[CP] Check Pods Manifest.lock";
			outputPaths = (
				"$(DERIVED_FILE_DIR)/Pods-Loan-checkManifestLockResult.txt",
			);
			runOnlyForDeploymentPostprocessing = 0;
			shellPath = /bin/sh;
			shellScript = "diff \"${PODS_PODFILE_DIR_PATH}/Podfile.lock\" \"${PODS_ROOT}/Manifest.lock\" > /dev/null\nif [ $? != 0 ] ; then\n    # print error to STDERR\n    echo \"error: The sandbox is not in sync with the Podfile.lock. Run 'pod install' or update your CocoaPods installation.\" >&2\n    exit 1\nfi\n# This output is used by Xcode 'outputs' to avoid re-running this script phase.\necho \"SUCCESS\" > \"${SCRIPT_OUTPUT_FILE_0}\"\n";
			showEnvVarsInLog = 0;
		};
		B85687BB6E6FC300620F411D /* [CP] Embed Pods Frameworks */ = {
			isa = PBXShellScriptBuildPhase;
			buildActionMask = 2147483647;
			files = (
			);
			inputPaths = (
				"${SRCROOT}/Pods/Target Support Files/Pods-Loan/Pods-Loan-frameworks.sh",
				"${BUILT_PRODUCTS_DIR}/AFNetworking/AFNetworking.framework",
				"${BUILT_PRODUCTS_DIR}/Colours/Colours.framework",
				"${BUILT_PRODUCTS_DIR}/IMPTool/IMPTool.framework",
				"${BUILT_PRODUCTS_DIR}/IQKeyboardManager/IQKeyboardManager.framework",
				"${BUILT_PRODUCTS_DIR}/Masonry/Masonry.framework",
				"${BUILT_PRODUCTS_DIR}/ReactiveObjC/ReactiveObjC.framework",
				"${BUILT_PRODUCTS_DIR}/libextobjc/libextobjc.framework",
			);
			name = "[CP] Embed Pods Frameworks";
			outputPaths = (
				"${TARGET_BUILD_DIR}/${FRAMEWORKS_FOLDER_PATH}/AFNetworking.framework",
				"${TARGET_BUILD_DIR}/${FRAMEWORKS_FOLDER_PATH}/Colours.framework",
				"${TARGET_BUILD_DIR}/${FRAMEWORKS_FOLDER_PATH}/IMPTool.framework",
				"${TARGET_BUILD_DIR}/${FRAMEWORKS_FOLDER_PATH}/IQKeyboardManager.framework",
				"${TARGET_BUILD_DIR}/${FRAMEWORKS_FOLDER_PATH}/Masonry.framework",
				"${TARGET_BUILD_DIR}/${FRAMEWORKS_FOLDER_PATH}/ReactiveObjC.framework",
				"${TARGET_BUILD_DIR}/${FRAMEWORKS_FOLDER_PATH}/libextobjc.framework",
			);
			runOnlyForDeploymentPostprocessing = 0;
			shellPath = /bin/sh;
			shellScript = "\"${SRCROOT}/Pods/Target Support Files/Pods-Loan/Pods-Loan-frameworks.sh\"\n";
			showEnvVarsInLog = 0;
		};
		F8D75EBAF9BC2790E578E173 /* [CP] Copy Pods Resources */ = {
			isa = PBXShellScriptBuildPhase;
			buildActionMask = 2147483647;
			files = (
			);
			inputPaths = (
			);
			name = "[CP] Copy Pods Resources";
			outputPaths = (
			);
			runOnlyForDeploymentPostprocessing = 0;
			shellPath = /bin/sh;
			shellScript = "\"${SRCROOT}/Pods/Target Support Files/Pods-Loan/Pods-Loan-resources.sh\"\n";
			showEnvVarsInLog = 0;
		};
/* End PBXShellScriptBuildPhase section */

/* Begin PBXSourcesBuildPhase section */
		827A26301F6638C800874BA8 /* Sources */ = {
			isa = PBXSourcesBuildPhase;
			buildActionMask = 2147483647;
			files = (
				827A263C1F6638C800874BA8 /* ViewController.m in Sources */,
				8203C7321F99E1CE004BCAF4 /* UIFont+ FontNameCustom.m in Sources */,
				82A3442F1F95E88800D78155 /* IMPLoginView.m in Sources */,
				8227053B1FC2ACBE0036200A /* IMPCountdownView.m in Sources */,
				828CA75D1F78B3EE00BB7B45 /* IMPAccountLoginViewController.m in Sources */,
				822FE8B31FD12BC600DC2F2A /* UINavigationBar+BackgroundColor.m in Sources */,
				82A3442C1F95E86300D78155 /* IMPBaseView.m in Sources */,
				8293C42A1F7DEA4C00C27391 /* IMPBaseViewModel.m in Sources */,
				822FE85A1FC6CA3600DC2F2A /* IMPBaseButton.m in Sources */,
				822FE8AF1FD00D4E00DC2F2A /* IMPWebViewController.m in Sources */,
				8227053E1FC2AD720036200A /* IMPTextButton.m in Sources */,
				822488F11FC6A50D00C607A4 /* IMPAgreementButton.m in Sources */,
				822FE8A81FD006AD00DC2F2A /* IMPAccountViewController.m in Sources */,
				827A26471F6638C800874BA8 /* main.m in Sources */,
				8203C7351F99F13E004BCAF4 /* IMPBaseTextField.m in Sources */,
				82A5D3411FBD796D0079E8D3 /* IMPPasswordTextField.m in Sources */,
				822705421FC2BA6A0036200A /* IMPSubmitButton.m in Sources */,
				822FE8A21FD0068D00DC2F2A /* IMPLoanListViewController.m in Sources */,
				8293C42D1F7DEA5D00C27391 /* IMPBaseModel.m in Sources */,
				822FE8901FCFF5DB00DC2F2A /* IMPTabBarViewController.m in Sources */,
				822FE8B71FD5427000DC2F2A /* LKFadeInAnimator.m in Sources */,
				822FE85D1FC6CA6600DC2F2A /* IMPImageButton.m in Sources */,
				82F03A4D1FC27F080055775B /* IMPPasswordRetrieveView.m in Sources */,
				8293C4271F7DEA0400C27391 /* IMPBaseViewController.m in Sources */,
				8203C72A1F99D2A2004BCAF4 /* IMPBaseLabel.m in Sources */,
				8203C7271F99D231004BCAF4 /* IMPRegisterView.m in Sources */,
				827A26391F6638C800874BA8 /* AppDelegate.m in Sources */,
				822FE8A51FD006A000DC2F2A /* IMPCouponListViewController.m in Sources */,
				828CA7631F78B44700BB7B45 /* IMPAccountLoginModel.m in Sources */,
				828CA7601F78B43700BB7B45 /* IMPAccountLoginViewModel.m in Sources */,
			);
			runOnlyForDeploymentPostprocessing = 0;
		};
		827A26481F6638C800874BA8 /* Sources */ = {
			isa = PBXSourcesBuildPhase;
			buildActionMask = 2147483647;
			files = (
				827A26511F6638C800874BA8 /* LoanTests.m in Sources */,
			);
			runOnlyForDeploymentPostprocessing = 0;
		};
		827A26531F6638C800874BA8 /* Sources */ = {
			isa = PBXSourcesBuildPhase;
			buildActionMask = 2147483647;
			files = (
				827A265C1F6638C800874BA8 /* LoanUITests.m in Sources */,
			);
			runOnlyForDeploymentPostprocessing = 0;
		};
/* End PBXSourcesBuildPhase section */

/* Begin PBXTargetDependency section */
		827A264E1F6638C800874BA8 /* PBXTargetDependency */ = {
			isa = PBXTargetDependency;
			target = 827A26331F6638C800874BA8 /* Loan */;
			targetProxy = 827A264D1F6638C800874BA8 /* PBXContainerItemProxy */;
		};
		827A26591F6638C800874BA8 /* PBXTargetDependency */ = {
			isa = PBXTargetDependency;
			target = 827A26331F6638C800874BA8 /* Loan */;
			targetProxy = 827A26581F6638C800874BA8 /* PBXContainerItemProxy */;
		};
/* End PBXTargetDependency section */

/* Begin PBXVariantGroup section */
		827A263D1F6638C800874BA8 /* Main.storyboard */ = {
			isa = PBXVariantGroup;
			children = (
				827A263E1F6638C800874BA8 /* Base */,
			);
			name = Main.storyboard;
			sourceTree = "<group>";
		};
		827A26421F6638C800874BA8 /* LaunchScreen.storyboard */ = {
			isa = PBXVariantGroup;
			children = (
				827A26431F6638C800874BA8 /* Base */,
			);
			name = LaunchScreen.storyboard;
			sourceTree = "<group>";
		};
/* End PBXVariantGroup section */

/* Begin XCBuildConfiguration section */
		827A265E1F6638C800874BA8 /* Debug */ = {
			isa = XCBuildConfiguration;
			buildSettings = {
				ALWAYS_SEARCH_USER_PATHS = NO;
				CLANG_ANALYZER_NONNULL = YES;
				CLANG_ANALYZER_NUMBER_OBJECT_CONVERSION = YES_AGGRESSIVE;
				CLANG_CXX_LANGUAGE_STANDARD = "gnu++14";
				CLANG_CXX_LIBRARY = "libc++";
				CLANG_ENABLE_MODULES = YES;
				CLANG_ENABLE_OBJC_ARC = YES;
				CLANG_WARN_BLOCK_CAPTURE_AUTORELEASING = YES;
				CLANG_WARN_BOOL_CONVERSION = YES;
				CLANG_WARN_COMMA = YES;
				CLANG_WARN_CONSTANT_CONVERSION = YES;
				CLANG_WARN_DIRECT_OBJC_ISA_USAGE = YES_ERROR;
				CLANG_WARN_DOCUMENTATION_COMMENTS = YES;
				CLANG_WARN_EMPTY_BODY = YES;
				CLANG_WARN_ENUM_CONVERSION = YES;
				CLANG_WARN_INFINITE_RECURSION = YES;
				CLANG_WARN_INT_CONVERSION = YES;
				CLANG_WARN_NON_LITERAL_NULL_CONVERSION = YES;
				CLANG_WARN_OBJC_LITERAL_CONVERSION = YES;
				CLANG_WARN_OBJC_ROOT_CLASS = YES_ERROR;
				CLANG_WARN_RANGE_LOOP_ANALYSIS = YES;
				CLANG_WARN_STRICT_PROTOTYPES = YES;
				CLANG_WARN_SUSPICIOUS_MOVE = YES;
				CLANG_WARN_UNGUARDED_AVAILABILITY = YES_AGGRESSIVE;
				CLANG_WARN_UNREACHABLE_CODE = YES;
				CLANG_WARN__DUPLICATE_METHOD_MATCH = YES;
				CODE_SIGN_IDENTITY = "iPhone Developer";
				COPY_PHASE_STRIP = NO;
				DEBUG_INFORMATION_FORMAT = dwarf;
				ENABLE_STRICT_OBJC_MSGSEND = YES;
				ENABLE_TESTABILITY = YES;
				GCC_C_LANGUAGE_STANDARD = gnu11;
				GCC_DYNAMIC_NO_PIC = NO;
				GCC_NO_COMMON_BLOCKS = YES;
				GCC_OPTIMIZATION_LEVEL = 0;
				GCC_PREPROCESSOR_DEFINITIONS = (
					"DEBUG=1",
					"$(inherited)",
				);
				GCC_WARN_64_TO_32_BIT_CONVERSION = YES;
				GCC_WARN_ABOUT_RETURN_TYPE = YES_ERROR;
				GCC_WARN_UNDECLARED_SELECTOR = YES;
				GCC_WARN_UNINITIALIZED_AUTOS = YES_AGGRESSIVE;
				GCC_WARN_UNUSED_FUNCTION = YES;
				GCC_WARN_UNUSED_VARIABLE = YES;
				IPHONEOS_DEPLOYMENT_TARGET = 11.0;
				MTL_ENABLE_DEBUG_INFO = YES;
				ONLY_ACTIVE_ARCH = YES;
				SDKROOT = iphoneos;
			};
			name = Debug;
		};
		827A265F1F6638C800874BA8 /* Release */ = {
			isa = XCBuildConfiguration;
			buildSettings = {
				ALWAYS_SEARCH_USER_PATHS = NO;
				CLANG_ANALYZER_NONNULL = YES;
				CLANG_ANALYZER_NUMBER_OBJECT_CONVERSION = YES_AGGRESSIVE;
				CLANG_CXX_LANGUAGE_STANDARD = "gnu++14";
				CLANG_CXX_LIBRARY = "libc++";
				CLANG_ENABLE_MODULES = YES;
				CLANG_ENABLE_OBJC_ARC = YES;
				CLANG_WARN_BLOCK_CAPTURE_AUTORELEASING = YES;
				CLANG_WARN_BOOL_CONVERSION = YES;
				CLANG_WARN_COMMA = YES;
				CLANG_WARN_CONSTANT_CONVERSION = YES;
				CLANG_WARN_DIRECT_OBJC_ISA_USAGE = YES_ERROR;
				CLANG_WARN_DOCUMENTATION_COMMENTS = YES;
				CLANG_WARN_EMPTY_BODY = YES;
				CLANG_WARN_ENUM_CONVERSION = YES;
				CLANG_WARN_INFINITE_RECURSION = YES;
				CLANG_WARN_INT_CONVERSION = YES;
				CLANG_WARN_NON_LITERAL_NULL_CONVERSION = YES;
				CLANG_WARN_OBJC_LITERAL_CONVERSION = YES;
				CLANG_WARN_OBJC_ROOT_CLASS = YES_ERROR;
				CLANG_WARN_RANGE_LOOP_ANALYSIS = YES;
				CLANG_WARN_STRICT_PROTOTYPES = YES;
				CLANG_WARN_SUSPICIOUS_MOVE = YES;
				CLANG_WARN_UNGUARDED_AVAILABILITY = YES_AGGRESSIVE;
				CLANG_WARN_UNREACHABLE_CODE = YES;
				CLANG_WARN__DUPLICATE_METHOD_MATCH = YES;
				CODE_SIGN_IDENTITY = "iPhone Developer";
				COPY_PHASE_STRIP = NO;
				DEBUG_INFORMATION_FORMAT = "dwarf-with-dsym";
				ENABLE_NS_ASSERTIONS = NO;
				ENABLE_STRICT_OBJC_MSGSEND = YES;
				GCC_C_LANGUAGE_STANDARD = gnu11;
				GCC_NO_COMMON_BLOCKS = YES;
				GCC_WARN_64_TO_32_BIT_CONVERSION = YES;
				GCC_WARN_ABOUT_RETURN_TYPE = YES_ERROR;
				GCC_WARN_UNDECLARED_SELECTOR = YES;
				GCC_WARN_UNINITIALIZED_AUTOS = YES_AGGRESSIVE;
				GCC_WARN_UNUSED_FUNCTION = YES;
				GCC_WARN_UNUSED_VARIABLE = YES;
				IPHONEOS_DEPLOYMENT_TARGET = 11.0;
				MTL_ENABLE_DEBUG_INFO = NO;
				SDKROOT = iphoneos;
				VALIDATE_PRODUCT = YES;
			};
			name = Release;
		};
		827A26611F6638C800874BA8 /* Debug */ = {
			isa = XCBuildConfiguration;
			baseConfigurationReference = 24C4E1E012B6AA5F3847DBB5 /* Pods-Loan.debug.xcconfig */;
			buildSettings = {
				ASSETCATALOG_COMPILER_APPICON_NAME = AppIcon;
				CODE_SIGN_STYLE = Manual;
				DEVELOPMENT_TEAM = DGVJJ53UK4;
				GCC_PREFIX_HEADER = "Loan/Classes/Loan-prefix.pch";
				INFOPLIST_FILE = "$(SRCROOT)/Loan/Resources/Plists/Info.plist";
				IPHONEOS_DEPLOYMENT_TARGET = 8.0;
				LD_RUNPATH_SEARCH_PATHS = "$(inherited) @executable_path/Frameworks";
				PRODUCT_BUNDLE_IDENTIFIER = com.imobpay.loan;
				PRODUCT_NAME = "$(TARGET_NAME)";
				PROVISIONING_PROFILE = "4f85404d-e86c-4960-9f5a-d38ed4b31014";
				PROVISIONING_PROFILE_SPECIFIER = loan_dev;
				TARGETED_DEVICE_FAMILY = 1;
			};
			name = Debug;
		};
		827A26621F6638C800874BA8 /* Release */ = {
			isa = XCBuildConfiguration;
			baseConfigurationReference = B8FA798D92849B979D05657E /* Pods-Loan.release.xcconfig */;
			buildSettings = {
				ASSETCATALOG_COMPILER_APPICON_NAME = AppIcon;
				CODE_SIGN_STYLE = Manual;
				DEVELOPMENT_TEAM = DGVJJ53UK4;
				GCC_PREFIX_HEADER = "Loan/Classes/Loan-prefix.pch";
				INFOPLIST_FILE = "$(SRCROOT)/Loan/Resources/Plists/Info.plist";
				IPHONEOS_DEPLOYMENT_TARGET = 8.0;
				LD_RUNPATH_SEARCH_PATHS = "$(inherited) @executable_path/Frameworks";
				PRODUCT_BUNDLE_IDENTIFIER = com.imobpay.loan;
				PRODUCT_NAME = "$(TARGET_NAME)";
				PROVISIONING_PROFILE = "4f85404d-e86c-4960-9f5a-d38ed4b31014";
				PROVISIONING_PROFILE_SPECIFIER = loan_dev;
				TARGETED_DEVICE_FAMILY = 1;
			};
			name = Release;
		};
		827A26641F6638C800874BA8 /* Debug */ = {
			isa = XCBuildConfiguration;
			buildSettings = {
				BUNDLE_LOADER = "$(TEST_HOST)";
				CODE_SIGN_STYLE = Automatic;
				INFOPLIST_FILE = LoanTests/Info.plist;
				LD_RUNPATH_SEARCH_PATHS = "$(inherited) @executable_path/Frameworks @loader_path/Frameworks";
				PRODUCT_BUNDLE_IDENTIFIER = com.imobpay.LoanTests;
				PRODUCT_NAME = "$(TARGET_NAME)";
				TARGETED_DEVICE_FAMILY = "1,2";
				TEST_HOST = "$(BUILT_PRODUCTS_DIR)/Loan.app/Loan";
			};
			name = Debug;
		};
		827A26651F6638C800874BA8 /* Release */ = {
			isa = XCBuildConfiguration;
			buildSettings = {
				BUNDLE_LOADER = "$(TEST_HOST)";
				CODE_SIGN_STYLE = Automatic;
				INFOPLIST_FILE = LoanTests/Info.plist;
				LD_RUNPATH_SEARCH_PATHS = "$(inherited) @executable_path/Frameworks @loader_path/Frameworks";
				PRODUCT_BUNDLE_IDENTIFIER = com.imobpay.LoanTests;
				PRODUCT_NAME = "$(TARGET_NAME)";
				TARGETED_DEVICE_FAMILY = "1,2";
				TEST_HOST = "$(BUILT_PRODUCTS_DIR)/Loan.app/Loan";
			};
			name = Release;
		};
		827A26671F6638C800874BA8 /* Debug */ = {
			isa = XCBuildConfiguration;
			buildSettings = {
				CODE_SIGN_STYLE = Automatic;
				INFOPLIST_FILE = LoanUITests/Info.plist;
				LD_RUNPATH_SEARCH_PATHS = "$(inherited) @executable_path/Frameworks @loader_path/Frameworks";
				PRODUCT_BUNDLE_IDENTIFIER = com.imobpay.LoanUITests;
				PRODUCT_NAME = "$(TARGET_NAME)";
				TARGETED_DEVICE_FAMILY = "1,2";
				TEST_TARGET_NAME = Loan;
			};
			name = Debug;
		};
		827A26681F6638C800874BA8 /* Release */ = {
			isa = XCBuildConfiguration;
			buildSettings = {
				CODE_SIGN_STYLE = Automatic;
				INFOPLIST_FILE = LoanUITests/Info.plist;
				LD_RUNPATH_SEARCH_PATHS = "$(inherited) @executable_path/Frameworks @loader_path/Frameworks";
				PRODUCT_BUNDLE_IDENTIFIER = com.imobpay.LoanUITests;
				PRODUCT_NAME = "$(TARGET_NAME)";
				TARGETED_DEVICE_FAMILY = "1,2";
				TEST_TARGET_NAME = Loan;
			};
			name = Release;
		};
/* End XCBuildConfiguration section */

/* Begin XCConfigurationList section */
		827A262F1F6638C800874BA8 /* Build configuration list for PBXProject "Loan" */ = {
			isa = XCConfigurationList;
			buildConfigurations = (
				827A265E1F6638C800874BA8 /* Debug */,
				827A265F1F6638C800874BA8 /* Release */,
			);
			defaultConfigurationIsVisible = 0;
			defaultConfigurationName = Release;
		};
		827A26601F6638C800874BA8 /* Build configuration list for PBXNativeTarget "Loan" */ = {
			isa = XCConfigurationList;
			buildConfigurations = (
				827A26611F6638C800874BA8 /* Debug */,
				827A26621F6638C800874BA8 /* Release */,
			);
			defaultConfigurationIsVisible = 0;
			defaultConfigurationName = Release;
		};
		827A26631F6638C800874BA8 /* Build configuration list for PBXNativeTarget "LoanTests" */ = {
			isa = XCConfigurationList;
			buildConfigurations = (
				827A26641F6638C800874BA8 /* Debug */,
				827A26651F6638C800874BA8 /* Release */,
			);
			defaultConfigurationIsVisible = 0;
			defaultConfigurationName = Release;
		};
		827A26661F6638C800874BA8 /* Build configuration list for PBXNativeTarget "LoanUITests" */ = {
			isa = XCConfigurationList;
			buildConfigurations = (
				827A26671F6638C800874BA8 /* Debug */,
				827A26681F6638C800874BA8 /* Release */,
			);
			defaultConfigurationIsVisible = 0;
			defaultConfigurationName = Release;
		};
/* End XCConfigurationList section */
	};
	rootObject = 827A262C1F6638C800874BA8 /* Project object */;
}
